
Microsoft Visual Studio Solution File, Format Version 12.00
# Visual Studio Version 16
VisualStudioVersion = 16.0.31321.278
MinimumVisualStudioVersion = 10.0.40219.1
Project("{9A19103F-16F7-4668-BE54-9A1E7A4F7556}") = "DemoReport", "DemoReport\DemoReport.csproj", "{AAA8964C-95BE-40F0-93F7-37B72DA4DC2F}"
EndProject
Global
	GlobalSection(SolutionConfigurationPlatforms) = preSolution
		Debug|Any CPU = Debug|Any CPU
		Release|Any CPU = Release|Any CPU
	EndGlobalSection
	GlobalSection(ProjectConfigurationPlatforms) = postSolution
		{AAA8964C-95BE-40F0-93F7-37B72DA4DC2F}.Debug|Any CPU.ActiveCfg = Debug|Any CPU
		{AAA8964C-95BE-40F0-93F7-37B72DA4DC2F}.Debug|Any CPU.Build.0 = Debug|Any CPU
		{AAA8964C-95BE-40F0-93F7-37B72DA4DC2F}.Release|Any CPU.ActiveCfg = Release|Any CPU
		{AAA8964C-95BE-40F0-93F7-37B72DA4DC2F}.Release|Any CPU.Build.0 = Release|Any CPU
	EndGlobalSection
	GlobalSection(SolutionProperties) = preSolution
		HideSolutionNode = FALSE
	EndGlobalSection
	GlobalSection(ExtensibilityGlobals) = postSolution
		SolutionGuid = {A976A55D-3F1B-4B1E-A9E8-699D3B7BB49C}
	EndGlobalSection
EndGlobal
