{
  "requires": true,
  "lockfileVersion": 1,
  "dependencies": {
    "@grapecity/ar-viewer": {
      "version": "15.1.8",
      "resolved": "https://registry.npmjs.org/@grapecity/ar-viewer/-/ar-viewer-15.1.8.tgz",
      "integrity": "sha512-jjYBXXIIE+4XPyfN12kSyO132IjjfBs4aIWHy89HtOeVHkDv5+5NyoxnfU3OWFggcskAT9hPNB1NMyDqayfsYw=="
    }
  }
}
